
Microsoft Visual Studio Solution File, Format Version 12.00
# Visual Studio Version 16
VisualStudioVersion = 16.0.31624.102
MinimumVisualStudioVersion = 10.0.40219.1
Project("{FAE04EC0-301F-11D3-BF4B-00C04F79EFBC}") = "GameIndustry", "GameIndustry.csproj", "{99487B08-81B7-4796-A130-6217E338161C}"
EndProject
Global
	GlobalSection(SolutionConfigurationPlatforms) = preSolution
		Debug|Any CPU = Debug|Any CPU
		Release|Any CPU = Release|Any CPU
	EndGlobalSection
	GlobalSection(ProjectConfigurationPlatforms) = postSolution
		{99487B08-81B7-4796-A130-6217E338161C}.Debug|Any CPU.ActiveCfg = Debug|Any CPU
		{99487B08-81B7-4796-A130-6217E338161C}.Debug|Any CPU.Build.0 = Debug|Any CPU
		{99487B08-81B7-4796-A130-6217E338161C}.Release|Any CPU.ActiveCfg = Release|Any CPU
		{99487B08-81B7-4796-A130-6217E338161C}.Release|Any CPU.Build.0 = Release|Any CPU
	EndGlobalSection
	GlobalSection(SolutionProperties) = preSolution
		HideSolutionNode = FALSE
	EndGlobalSection
	GlobalSection(ExtensibilityGlobals) = postSolution
		SolutionGuid = {419E630C-CEC7-48A0-9837-112210216F21}
	EndGlobalSection
EndGlobal
